PODS:
  - GoogleMaps (5.0.0):
    - GoogleMaps/Maps (= 5.0.0)
  - GoogleMaps/Base (5.0.0)
  - GoogleMaps/Maps (5.0.0):
    - GoogleMaps/Base
  - GooglePlaces (5.0.0)

DEPENDENCIES:
  - GoogleMaps (= 5.0.0)
  - GooglePlaces

SPEC REPOS:
  trunk:
    - GoogleMaps
    - GooglePlaces

SPEC CHECKSUMS:
  GoogleMaps: 600e5e69bdf7f4ed7cac4d6aa96c7ec08a5aa254
  GooglePlaces: 5d87ca13ed98b7a937e0d8bc7026f718c7263271

PODFILE CHECKSUM: cb7668e86b421c81d73fd553fa540d460cd0aeb4

COCOAPODS: 1.10.1
