PODS:
  - GoogleMaps (5.0.0):
    - GoogleMaps/Maps (= 5.0.0)
  - GoogleMaps/Base (5.0.0)
  - GoogleMaps/Maps (5.0.0):
    - GoogleMaps/Base

DEPENDENCIES:
  - GoogleMaps (= 5.0.0)

SPEC REPOS:
  trunk:
    - GoogleMaps

SPEC CHECKSUMS:
  GoogleMaps: 600e5e69bdf7f4ed7cac4d6aa96c7ec08a5aa254

PODFILE CHECKSUM: bc4e3357c5246c50df21ada055cf17137a152f19

COCOAPODS: 1.10.1
