// !$*UTF8*$!
{
	archiveVersion = 1;
	classes = {
	};
	objectVersion = 51;
	objects = {

/* Begin PBXBuildFile section */
		5828134CEEF7CCD52CDA1FC7 /* Pods_junction_kids.framework in Frameworks */ = {isa = PBXBuildFile; fileRef = 44A41878B7CE8656288D95F5 /* Pods_junction_kids.framework */; };
		9B227A9126591C0200D7E453 /* MapRouteTableViewCell.swift in Sources */ = {isa = PBXBuildFile; fileRef = 9B227A9026591C0200D7E453 /* MapRouteTableViewCell.swift */; };
		9B227A9C26591F3900D7E453 /* MapRouteModel.swift in Sources */ = {isa = PBXBuildFile; fileRef = 9B227A9B26591F3900D7E453 /* MapRouteModel.swift */; };
		9B227AA026591FA800D7E453 /* MapModel.swift in Sources */ = {isa = PBXBuildFile; fileRef = 9B227A9F26591FA800D7E453 /* MapModel.swift */; };
		9B227AA32659303900D7E453 /* MapSearchTableViewCell.swift in Sources */ = {isa = PBXBuildFile; fileRef = 9B227AA22659303900D7E453 /* MapSearchTableViewCell.swift */; };
		9B227AA62659408400D7E453 /* Assets.xcassets in Resources */ = {isa = PBXBuildFile; fileRef = 9B6506772658B09F00FAA877 /* Assets.xcassets */; };
		9B227AAE2659412900D7E453 /* Color+.swift in Sources */ = {isa = PBXBuildFile; fileRef = 9B227AAD2659412900D7E453 /* Color+.swift */; };
		9B227AB326595F9600D7E453 /* MapRecommendViewController.swift in Sources */ = {isa = PBXBuildFile; fileRef = 9B227AB226595F9600D7E453 /* MapRecommendViewController.swift */; };
		9B227AB62659664400D7E453 /* MapItem.swift in Sources */ = {isa = PBXBuildFile; fileRef = 9B227AB52659664400D7E453 /* MapItem.swift */; };
		9B227AC82659723900D7E453 /* VideoViewController.swift in Sources */ = {isa = PBXBuildFile; fileRef = 9B227AC72659723900D7E453 /* VideoViewController.swift */; };
		9B227ACD265973CE00D7E453 /* VideoService.swift in Sources */ = {isa = PBXBuildFile; fileRef = 9B227ACB265973CE00D7E453 /* VideoService.swift */; };
		9B227ACE265973CE00D7E453 /* VideoResult.swift in Sources */ = {isa = PBXBuildFile; fileRef = 9B227ACC265973CE00D7E453 /* VideoResult.swift */; };
		9B227AD1265973EE00D7E453 /* APIManager.swift in Sources */ = {isa = PBXBuildFile; fileRef = 9B227AD0265973EE00D7E453 /* APIManager.swift */; };
		9B6506862658B09F00FAA877 /* AppDelegate.swift in Sources */ = {isa = PBXBuildFile; fileRef = 9B6506782658B09F00FAA877 /* AppDelegate.swift */; };
		9B6506882658B09F00FAA877 /* SceneDelegate.swift in Sources */ = {isa = PBXBuildFile; fileRef = 9B65067A2658B09F00FAA877 /* SceneDelegate.swift */; };
		9B6506A22658B41E00FAA877 /* Main.storyboard in Resources */ = {isa = PBXBuildFile; fileRef = 9B6506A12658B41E00FAA877 /* Main.storyboard */; };
		9B6506A52658B43F00FAA877 /* Launch Screen.storyboard in Resources */ = {isa = PBXBuildFile; fileRef = 9B6506A42658B43F00FAA877 /* Launch Screen.storyboard */; };
		9BBB92262658E33400626C85 /* MapViewController.swift in Sources */ = {isa = PBXBuildFile; fileRef = 9BBB92252658E33400626C85 /* MapViewController.swift */; };
/* End PBXBuildFile section */

/* Begin PBXFileReference section */
		44A41878B7CE8656288D95F5 /* Pods_junction_kids.framework */ = {isa = PBXFileReference; explicitFileType = wrapper.framework; includeInIndex = 0; path = Pods_junction_kids.framework; sourceTree = BUILT_PRODUCTS_DIR; };
		880D1C44E37B690B44CFA290 /* Pods-junction_kids.debug.xcconfig */ = {isa = PBXFileReference; includeInIndex = 1; lastKnownFileType = text.xcconfig; name = "Pods-junction_kids.debug.xcconfig"; path = "Target Support Files/Pods-junction_kids/Pods-junction_kids.debug.xcconfig"; sourceTree = "<group>"; };
		9B227A9026591C0200D7E453 /* MapRouteTableViewCell.swift */ = {isa = PBXFileReference; lastKnownFileType = sourcecode.swift; path = MapRouteTableViewCell.swift; sourceTree = "<group>"; };
		9B227A9B26591F3900D7E453 /* MapRouteModel.swift */ = {isa = PBXFileReference; lastKnownFileType = sourcecode.swift; path = MapRouteModel.swift; sourceTree = "<group>"; };
		9B227A9F26591FA800D7E453 /* MapModel.swift */ = {isa = PBXFileReference; lastKnownFileType = sourcecode.swift; path = MapModel.swift; sourceTree = "<group>"; };
		9B227AA22659303900D7E453 /* MapSearchTableViewCell.swift */ = {isa = PBXFileReference; lastKnownFileType = sourcecode.swift; path = MapSearchTableViewCell.swift; sourceTree = "<group>"; };
		9B227AAD2659412900D7E453 /* Color+.swift */ = {isa = PBXFileReference; lastKnownFileType = sourcecode.swift; path = "Color+.swift"; sourceTree = "<group>"; };
		9B227AB226595F9600D7E453 /* MapRecommendViewController.swift */ = {isa = PBXFileReference; lastKnownFileType = sourcecode.swift; path = MapRecommendViewController.swift; sourceTree = "<group>"; };
		9B227AB52659664400D7E453 /* MapItem.swift */ = {isa = PBXFileReference; lastKnownFileType = sourcecode.swift; path = MapItem.swift; sourceTree = "<group>"; };
		9B227AC72659723900D7E453 /* VideoViewController.swift */ = {isa = PBXFileReference; lastKnownFileType = sourcecode.swift; path = VideoViewController.swift; sourceTree = "<group>"; };
		9B227ACB265973CE00D7E453 /* VideoService.swift */ = {isa = PBXFileReference; fileEncoding = 4; lastKnownFileType = sourcecode.swift; path = VideoService.swift; sourceTree = "<group>"; };
		9B227ACC265973CE00D7E453 /* VideoResult.swift */ = {isa = PBXFileReference; fileEncoding = 4; lastKnownFileType = sourcecode.swift; path = VideoResult.swift; sourceTree = "<group>"; };
		9B227AD0265973EE00D7E453 /* APIManager.swift */ = {isa = PBXFileReference; lastKnownFileType = sourcecode.swift; path = APIManager.swift; sourceTree = "<group>"; };
		9B6505CC2658AF1900FAA877 /* junction_kids.app */ = {isa = PBXFileReference; explicitFileType = wrapper.application; includeInIndex = 0; path = junction_kids.app; sourceTree = BUILT_PRODUCTS_DIR; };
		9B6506772658B09F00FAA877 /* Assets.xcassets */ = {isa = PBXFileReference; lastKnownFileType = folder.assetcatalog; path = Assets.xcassets; sourceTree = "<group>"; };
		9B6506782658B09F00FAA877 /* AppDelegate.swift */ = {isa = PBXFileReference; fileEncoding = 4; lastKnownFileType = sourcecode.swift; path = AppDelegate.swift; sourceTree = "<group>"; };
		9B6506792658B09F00FAA877 /* Info.plist */ = {isa = PBXFileReference; fileEncoding = 4; lastKnownFileType = text.plist.xml; path = Info.plist; sourceTree = "<group>"; };
		9B65067A2658B09F00FAA877 /* SceneDelegate.swift */ = {isa = PBXFileReference; fileEncoding = 4; lastKnownFileType = sourcecode.swift; path = SceneDelegate.swift; sourceTree = "<group>"; };
		9B6506972658B20F00FAA877 /* libz.tbd */ = {isa = PBXFileReference; lastKnownFileType = "sourcecode.text-based-dylib-definition"; name = libz.tbd; path = usr/lib/libz.tbd; sourceTree = SDKROOT; };
		9B65069A2658B21700FAA877 /* libbz2.tbd */ = {isa = PBXFileReference; lastKnownFileType = "sourcecode.text-based-dylib-definition"; name = libbz2.tbd; path = usr/lib/libbz2.tbd; sourceTree = SDKROOT; };
		9B65069D2658B21E00FAA877 /* libiconv.tbd */ = {isa = PBXFileReference; lastKnownFileType = "sourcecode.text-based-dylib-definition"; name = libiconv.tbd; path = usr/lib/libiconv.tbd; sourceTree = SDKROOT; };
		9B6506A12658B41E00FAA877 /* Main.storyboard */ = {isa = PBXFileReference; lastKnownFileType = file.storyboard; path = Main.storyboard; sourceTree = "<group>"; };
		9B6506A42658B43F00FAA877 /* Launch Screen.storyboard */ = {isa = PBXFileReference; lastKnownFileType = file.storyboard; path = "Launch Screen.storyboard"; sourceTree = "<group>"; };
		9BBB92252658E33400626C85 /* MapViewController.swift */ = {isa = PBXFileReference; lastKnownFileType = sourcecode.swift; path = MapViewController.swift; sourceTree = "<group>"; };
		B9F32D3CE0E6BF3887B26D1E /* Pods-junction_kids.release.xcconfig */ = {isa = PBXFileReference; includeInIndex = 1; lastKnownFileType = text.xcconfig; name = "Pods-junction_kids.release.xcconfig"; path = "Target Support Files/Pods-junction_kids/Pods-junction_kids.release.xcconfig"; sourceTree = "<group>"; };
/* End PBXFileReference section */

/* Begin PBXFrameworksBuildPhase section */
		9B6505C92658AF1900FAA877 /* Frameworks */ = {
			isa = PBXFrameworksBuildPhase;
			buildActionMask = 2147483647;
			files = (
				5828134CEEF7CCD52CDA1FC7 /* Pods_junction_kids.framework in Frameworks */,
			);
			runOnlyForDeploymentPostprocessing = 0;
		};
/* End PBXFrameworksBuildPhase section */

/* Begin PBXGroup section */
		9A3D312FB43D21A9AC7CC134 /* Pods */ = {
			isa = PBXGroup;
			children = (
				880D1C44E37B690B44CFA290 /* Pods-junction_kids.debug.xcconfig */,
				B9F32D3CE0E6BF3887B26D1E /* Pods-junction_kids.release.xcconfig */,
			);
			path = Pods;
			sourceTree = "<group>";
		};
		9B227A9626591D6400D7E453 /* Map */ = {
			isa = PBXGroup;
			children = (
				9BBB92252658E33400626C85 /* MapViewController.swift */,
				9B227A9026591C0200D7E453 /* MapRouteTableViewCell.swift */,
				9B227AA22659303900D7E453 /* MapSearchTableViewCell.swift */,
				9B227AB226595F9600D7E453 /* MapRecommendViewController.swift */,
			);
			path = Map;
			sourceTree = "<group>";
		};
		9B227A9826591F0700D7E453 /* Model */ = {
			isa = PBXGroup;
			children = (
				9B227A9A26591F1500D7E453 /* Map */,
			);
			path = Model;
			sourceTree = "<group>";
		};
		9B227A9926591F0C00D7E453 /* View */ = {
			isa = PBXGroup;
			children = (
				9B227A9626591D6400D7E453 /* Map */,
				9B227AC62659722900D7E453 /* Video */,
			);
			path = View;
			sourceTree = "<group>";
		};
		9B227A9A26591F1500D7E453 /* Map */ = {
			isa = PBXGroup;
			children = (
				9B227A9B26591F3900D7E453 /* MapRouteModel.swift */,
				9B227A9F26591FA800D7E453 /* MapModel.swift */,
				9B227AB52659664400D7E453 /* MapItem.swift */,
			);
			path = Map;
			sourceTree = "<group>";
		};
		9B227AAC2659411B00D7E453 /* Extensions */ = {
			isa = PBXGroup;
			children = (
				9B227AAD2659412900D7E453 /* Color+.swift */,
				9B227AD0265973EE00D7E453 /* APIManager.swift */,
			);
			path = Extensions;
			sourceTree = "<group>";
		};
		9B227AC62659722900D7E453 /* Video */ = {
			isa = PBXGroup;
			children = (
				9B227AC72659723900D7E453 /* VideoViewController.swift */,
			);
			path = Video;
			sourceTree = "<group>";
		};
		9B227ACA265973CE00D7E453 /* NetworkService */ = {
			isa = PBXGroup;
			children = (
				9B227ACB265973CE00D7E453 /* VideoService.swift */,
				9B227ACC265973CE00D7E453 /* VideoResult.swift */,
			);
			path = NetworkService;
			sourceTree = "<group>";
		};
		9B6505C32658AF1900FAA877 = {
			isa = PBXGroup;
			children = (
				9B6505CE2658AF1900FAA877 /* junction_kids */,
				9B6505CD2658AF1900FAA877 /* Products */,
				9B6506962658B20F00FAA877 /* Frameworks */,
				9A3D312FB43D21A9AC7CC134 /* Pods */,
			);
			sourceTree = "<group>";
		};
		9B6505CD2658AF1900FAA877 /* Products */ = {
			isa = PBXGroup;
			children = (
				9B6505CC2658AF1900FAA877 /* junction_kids.app */,
			);
			name = Products;
			sourceTree = "<group>";
		};
		9B6505CE2658AF1900FAA877 /* junction_kids */ = {
			isa = PBXGroup;
			children = (
				9B6505E42658B09E00FAA877 /* Sources */,
				9B6506762658B09F00FAA877 /* Supporting Files */,
			);
			path = junction_kids;
			sourceTree = "<group>";
		};
		9B6505E42658B09E00FAA877 /* Sources */ = {
			isa = PBXGroup;
			children = (
				9B227ACA265973CE00D7E453 /* NetworkService */,
				9B227AAC2659411B00D7E453 /* Extensions */,
				9B227A9926591F0C00D7E453 /* View */,
				9B227A9826591F0700D7E453 /* Model */,
				9B6506A12658B41E00FAA877 /* Main.storyboard */,
				9B6506A42658B43F00FAA877 /* Launch Screen.storyboard */,
			);
			path = Sources;
			sourceTree = "<group>";
		};
		9B6506762658B09F00FAA877 /* Supporting Files */ = {
			isa = PBXGroup;
			children = (
				9B6506772658B09F00FAA877 /* Assets.xcassets */,
				9B6506782658B09F00FAA877 /* AppDelegate.swift */,
				9B6506792658B09F00FAA877 /* Info.plist */,
				9B65067A2658B09F00FAA877 /* SceneDelegate.swift */,
			);
			path = "Supporting Files";
			sourceTree = "<group>";
		};
		9B6506962658B20F00FAA877 /* Frameworks */ = {
			isa = PBXGroup;
			children = (
				9B65069D2658B21E00FAA877 /* libiconv.tbd */,
				9B65069A2658B21700FAA877 /* libbz2.tbd */,
				9B6506972658B20F00FAA877 /* libz.tbd */,
				44A41878B7CE8656288D95F5 /* Pods_junction_kids.framework */,
			);
			name = Frameworks;
			sourceTree = "<group>";
		};
/* End PBXGroup section */

/* Begin PBXNativeTarget section */
		9B6505CB2658AF1900FAA877 /* junction_kids */ = {
			isa = PBXNativeTarget;
			buildConfigurationList = 9B6505E02658AF1B00FAA877 /* Build configuration list for PBXNativeTarget "junction_kids" */;
			buildPhases = (
				AA6B60780209423831D2328F /* [CP] Check Pods Manifest.lock */,
				9B6505C82658AF1900FAA877 /* Sources */,
				9B6505C92658AF1900FAA877 /* Frameworks */,
				9B6505CA2658AF1900FAA877 /* Resources */,
				7F1A87F1CF5462A986AC3904 /* [CP] Copy Pods Resources */,
				97DE677DE1BD4BACBB425CEB /* [CP] Embed Pods Frameworks */,
			);
			buildRules = (
			);
			dependencies = (
			);
			name = junction_kids;
			productName = junction_kids;
			productReference = 9B6505CC2658AF1900FAA877 /* junction_kids.app */;
			productType = "com.apple.product-type.application";
		};
/* End PBXNativeTarget section */

/* Begin PBXProject section */
		9B6505C42658AF1900FAA877 /* Project object */ = {
			isa = PBXProject;
			attributes = {
				LastSwiftUpdateCheck = 1220;
				LastUpgradeCheck = 1220;
				TargetAttributes = {
					9B6505CB2658AF1900FAA877 = {
						CreatedOnToolsVersion = 12.2;
					};
				};
			};
			buildConfigurationList = 9B6505C72658AF1900FAA877 /* Build configuration list for PBXProject "junction_kids" */;
			compatibilityVersion = "Xcode 9.3";
			developmentRegion = en;
			hasScannedForEncodings = 0;
			knownRegions = (
				en,
				Base,
			);
			mainGroup = 9B6505C32658AF1900FAA877;
			productRefGroup = 9B6505CD2658AF1900FAA877 /* Products */;
			projectDirPath = "";
			projectRoot = "";
			targets = (
				9B6505CB2658AF1900FAA877 /* junction_kids */,
			);
		};
/* End PBXProject section */

/* Begin PBXResourcesBuildPhase section */
		9B6505CA2658AF1900FAA877 /* Resources */ = {
			isa = PBXResourcesBuildPhase;
			buildActionMask = 2147483647;
			files = (
				9B6506A52658B43F00FAA877 /* Launch Screen.storyboard in Resources */,
				9B227AA62659408400D7E453 /* Assets.xcassets in Resources */,
				9B6506A22658B41E00FAA877 /* Main.storyboard in Resources */,
			);
			runOnlyForDeploymentPostprocessing = 0;
		};
/* End PBXResourcesBuildPhase section */

/* Begin PBXShellScriptBuildPhase section */
		7F1A87F1CF5462A986AC3904 /* [CP] Copy Pods Resources */ = {
			isa = PBXShellScriptBuildPhase;
			buildActionMask = 2147483647;
			files = (
			);
			inputFileListPaths = (
				"${PODS_ROOT}/Target Support Files/Pods-junction_kids/Pods-junction_kids-resources-${CONFIGURATION}-input-files.xcfilelist",
			);
			name = "[CP] Copy Pods Resources";
			outputFileListPaths = (
				"${PODS_ROOT}/Target Support Files/Pods-junction_kids/Pods-junction_kids-resources-${CONFIGURATION}-output-files.xcfilelist",
			);
			runOnlyForDeploymentPostprocessing = 0;
			shellPath = /bin/sh;
			shellScript = "\"${PODS_ROOT}/Target Support Files/Pods-junction_kids/Pods-junction_kids-resources.sh\"\n";
			showEnvVarsInLog = 0;
		};
		97DE677DE1BD4BACBB425CEB /* [CP] Embed Pods Frameworks */ = {
			isa = PBXShellScriptBuildPhase;
			buildActionMask = 2147483647;
			files = (
			);
			inputFileListPaths = (
				"${PODS_ROOT}/Target Support Files/Pods-junction_kids/Pods-junction_kids-frameworks-${CONFIGURATION}-input-files.xcfilelist",
			);
			name = "[CP] Embed Pods Frameworks";
			outputFileListPaths = (
				"${PODS_ROOT}/Target Support Files/Pods-junction_kids/Pods-junction_kids-frameworks-${CONFIGURATION}-output-files.xcfilelist",
			);
			runOnlyForDeploymentPostprocessing = 0;
			shellPath = /bin/sh;
			shellScript = "\"${PODS_ROOT}/Target Support Files/Pods-junction_kids/Pods-junction_kids-frameworks.sh\"\n";
			showEnvVarsInLog = 0;
		};
		AA6B60780209423831D2328F /* [CP] Check Pods Manifest.lock */ = {
			isa = PBXShellScriptBuildPhase;
			buildActionMask = 2147483647;
			files = (
			);
			inputFileListPaths = (
			);
			inputPaths = (
				"${PODS_PODFILE_DIR_PATH}/Podfile.lock",
				"${PODS_ROOT}/Manifest.lock",
			);
			name = "[CP] Check Pods Manifest.lock";
			outputFileListPaths = (
			);
			outputPaths = (
				"$(DERIVED_FILE_DIR)/Pods-junction_kids-checkManifestLockResult.txt",
			);
			runOnlyForDeploymentPostprocessing = 0;
			shellPath = /bin/sh;
			shellScript = "diff \"${PODS_PODFILE_DIR_PATH}/Podfile.lock\" \"${PODS_ROOT}/Manifest.lock\" > /dev/null\nif [ $? != 0 ] ; then\n    # print error to STDERR\n    echo \"error: The sandbox is not in sync with the Podfile.lock. Run 'pod install' or update your CocoaPods installation.\" >&2\n    exit 1\nfi\n# This output is used by Xcode 'outputs' to avoid re-running this script phase.\necho \"SUCCESS\" > \"${SCRIPT_OUTPUT_FILE_0}\"\n";
			showEnvVarsInLog = 0;
		};
/* End PBXShellScriptBuildPhase section */

/* Begin PBXSourcesBuildPhase section */
		9B6505C82658AF1900FAA877 /* Sources */ = {
			isa = PBXSourcesBuildPhase;
			buildActionMask = 2147483647;
			files = (
				9B227AA026591FA800D7E453 /* MapModel.swift in Sources */,
				9B227ACD265973CE00D7E453 /* VideoService.swift in Sources */,
				9B227AAE2659412900D7E453 /* Color+.swift in Sources */,
				9B6506862658B09F00FAA877 /* AppDelegate.swift in Sources */,
				9B227AB326595F9600D7E453 /* MapRecommendViewController.swift in Sources */,
				9B227AA32659303900D7E453 /* MapSearchTableViewCell.swift in Sources */,
				9B227AD1265973EE00D7E453 /* APIManager.swift in Sources */,
				9B227AB62659664400D7E453 /* MapItem.swift in Sources */,
				9B227AC82659723900D7E453 /* VideoViewController.swift in Sources */,
				9B227A9126591C0200D7E453 /* MapRouteTableViewCell.swift in Sources */,
				9B6506882658B09F00FAA877 /* SceneDelegate.swift in Sources */,
				9BBB92262658E33400626C85 /* MapViewController.swift in Sources */,
				9B227ACE265973CE00D7E453 /* VideoResult.swift in Sources */,
				9B227A9C26591F3900D7E453 /* MapRouteModel.swift in Sources */,
			);
			runOnlyForDeploymentPostprocessing = 0;
		};
/* End PBXSourcesBuildPhase section */

/* Begin XCBuildConfiguration section */
		9B6505DE2658AF1B00FAA877 /* Debug */ = {
			isa = XCBuildConfiguration;
			buildSettings = {
				ALWAYS_SEARCH_USER_PATHS = NO;
				CLANG_ANALYZER_NONNULL = YES;
				CLANG_ANALYZER_NUMBER_OBJECT_CONVERSION = YES_AGGRESSIVE;
				CLANG_CXX_LANGUAGE_STANDARD = "gnu++14";
				CLANG_CXX_LIBRARY = "libc++";
				CLANG_ENABLE_MODULES = YES;
				CLANG_ENABLE_OBJC_ARC = YES;
				CLANG_ENABLE_OBJC_WEAK = YES;
				CLANG_WARN_BLOCK_CAPTURE_AUTORELEASING = YES;
				CLANG_WARN_BOOL_CONVERSION = YES;
				CLANG_WARN_COMMA = YES;
				CLANG_WARN_CONSTANT_CONVERSION = YES;
				CLANG_WARN_DEPRECATED_OBJC_IMPLEMENTATIONS = YES;
				CLANG_WARN_DIRECT_OBJC_ISA_USAGE = YES_ERROR;
				CLANG_WARN_DOCUMENTATION_COMMENTS = YES;
				CLANG_WARN_EMPTY_BODY = YES;
				CLANG_WARN_ENUM_CONVERSION = YES;
				CLANG_WARN_INFINITE_RECURSION = YES;
				CLANG_WARN_INT_CONVERSION = YES;
				CLANG_WARN_NON_LITERAL_NULL_CONVERSION = YES;
				CLANG_WARN_OBJC_IMPLICIT_RETAIN_SELF = YES;
				CLANG_WARN_OBJC_LITERAL_CONVERSION = YES;
				CLANG_WARN_OBJC_ROOT_CLASS = YES_ERROR;
				CLANG_WARN_QUOTED_INCLUDE_IN_FRAMEWORK_HEADER = YES;
				CLANG_WARN_RANGE_LOOP_ANALYSIS = YES;
				CLANG_WARN_STRICT_PROTOTYPES = YES;
				CLANG_WARN_SUSPICIOUS_MOVE = YES;
				CLANG_WARN_UNGUARDED_AVAILABILITY = YES_AGGRESSIVE;
				CLANG_WARN_UNREACHABLE_CODE = YES;
				CLANG_WARN__DUPLICATE_METHOD_MATCH = YES;
				COPY_PHASE_STRIP = NO;
				DEBUG_INFORMATION_FORMAT = dwarf;
				ENABLE_STRICT_OBJC_MSGSEND = YES;
				ENABLE_TESTABILITY = YES;
				EXCLUDED_ARCHS = arm64;
				GCC_C_LANGUAGE_STANDARD = gnu11;
				GCC_DYNAMIC_NO_PIC = NO;
				GCC_NO_COMMON_BLOCKS = YES;
				GCC_OPTIMIZATION_LEVEL = 0;
				GCC_PREPROCESSOR_DEFINITIONS = (
					"DEBUG=1",
					"$(inherited)",
				);
				GCC_WARN_64_TO_32_BIT_CONVERSION = YES;
				GCC_WARN_ABOUT_RETURN_TYPE = YES_ERROR;
				GCC_WARN_UNDECLARED_SELECTOR = YES;
				GCC_WARN_UNINITIALIZED_AUTOS = YES_AGGRESSIVE;
				GCC_WARN_UNUSED_FUNCTION = YES;
				GCC_WARN_UNUSED_VARIABLE = YES;
				IPHONEOS_DEPLOYMENT_TARGET = 14.2;
				MTL_ENABLE_DEBUG_INFO = INCLUDE_SOURCE;
				MTL_FAST_MATH = YES;
				ONLY_ACTIVE_ARCH = YES;
				SDKROOT = iphoneos;
				SWIFT_ACTIVE_COMPILATION_CONDITIONS = DEBUG;
				SWIFT_OPTIMIZATION_LEVEL = "-Onone";
			};
			name = Debug;
		};
		9B6505DF2658AF1B00FAA877 /* Release */ = {
			isa = XCBuildConfiguration;
			buildSettings = {
				ALWAYS_SEARCH_USER_PATHS = NO;
				CLANG_ANALYZER_NONNULL = YES;
				CLANG_ANALYZER_NUMBER_OBJECT_CONVERSION = YES_AGGRESSIVE;
				CLANG_CXX_LANGUAGE_STANDARD = "gnu++14";
				CLANG_CXX_LIBRARY = "libc++";
				CLANG_ENABLE_MODULES = YES;
				CLANG_ENABLE_OBJC_ARC = YES;
				CLANG_ENABLE_OBJC_WEAK = YES;
				CLANG_WARN_BLOCK_CAPTURE_AUTORELEASING = YES;
				CLANG_WARN_BOOL_CONVERSION = YES;
				CLANG_WARN_COMMA = YES;
				CLANG_WARN_CONSTANT_CONVERSION = YES;
				CLANG_WARN_DEPRECATED_OBJC_IMPLEMENTATIONS = YES;
				CLANG_WARN_DIRECT_OBJC_ISA_USAGE = YES_ERROR;
				CLANG_WARN_DOCUMENTATION_COMMENTS = YES;
				CLANG_WARN_EMPTY_BODY = YES;
				CLANG_WARN_ENUM_CONVERSION = YES;
				CLANG_WARN_INFINITE_RECURSION = YES;
				CLANG_WARN_INT_CONVERSION = YES;
				CLANG_WARN_NON_LITERAL_NULL_CONVERSION = YES;
				CLANG_WARN_OBJC_IMPLICIT_RETAIN_SELF = YES;
				CLANG_WARN_OBJC_LITERAL_CONVERSION = YES;
				CLANG_WARN_OBJC_ROOT_CLASS = YES_ERROR;
				CLANG_WARN_QUOTED_INCLUDE_IN_FRAMEWORK_HEADER = YES;
				CLANG_WARN_RANGE_LOOP_ANALYSIS = YES;
				CLANG_WARN_STRICT_PROTOTYPES = YES;
				CLANG_WARN_SUSPICIOUS_MOVE = YES;
				CLANG_WARN_UNGUARDED_AVAILABILITY = YES_AGGRESSIVE;
				CLANG_WARN_UNREACHABLE_CODE = YES;
				CLANG_WARN__DUPLICATE_METHOD_MATCH = YES;
				COPY_PHASE_STRIP = NO;
				DEBUG_INFORMATION_FORMAT = "dwarf-with-dsym";
				ENABLE_NS_ASSERTIONS = NO;
				ENABLE_STRICT_OBJC_MSGSEND = YES;
				EXCLUDED_ARCHS = arm64;
				GCC_C_LANGUAGE_STANDARD = gnu11;
				GCC_NO_COMMON_BLOCKS = YES;
				GCC_WARN_64_TO_32_BIT_CONVERSION = YES;
				GCC_WARN_ABOUT_RETURN_TYPE = YES_ERROR;
				GCC_WARN_UNDECLARED_SELECTOR = YES;
				GCC_WARN_UNINITIALIZED_AUTOS = YES_AGGRESSIVE;
				GCC_WARN_UNUSED_FUNCTION = YES;
				GCC_WARN_UNUSED_VARIABLE = YES;
				IPHONEOS_DEPLOYMENT_TARGET = 14.2;
				MTL_ENABLE_DEBUG_INFO = NO;
				MTL_FAST_MATH = YES;
				SDKROOT = iphoneos;
				SWIFT_COMPILATION_MODE = wholemodule;
				SWIFT_OPTIMIZATION_LEVEL = "-O";
				VALIDATE_PRODUCT = YES;
			};
			name = Release;
		};
		9B6505E12658AF1B00FAA877 /* Debug */ = {
			isa = XCBuildConfiguration;
			baseConfigurationReference = 880D1C44E37B690B44CFA290 /* Pods-junction_kids.debug.xcconfig */;
			buildSettings = {
				ASSETCATALOG_COMPILER_APPICON_NAME = AppIcon;
				ASSETCATALOG_COMPILER_GLOBAL_ACCENT_COLOR_NAME = AccentColor;
				CODE_SIGN_STYLE = Automatic;
				EXCLUDED_ARCHS = arm64;
				FRAMEWORK_SEARCH_PATHS = (
					"$(inherited)",
					"$(PROJECT_DIR)/junction_kids/DaumMap.embeddedframework",
				);
				HEADER_SEARCH_PATHS = "junction_kids/FFmpeg-iOS/include";
				INFOPLIST_FILE = "junction_kids/Supporting Files/Info.plist";
				LD_RUNPATH_SEARCH_PATHS = (
					"$(inherited)",
					"@executable_path/Frameworks",
				);
				LIBRARY_SEARCH_PATHS = (
					"$(inherited)",
					"$(PROJECT_DIR)/junction_kids/FFmpeg-iOS/lib",
				);
				PRODUCT_BUNDLE_IDENTIFIER = "com.junction.iOS.kids.junction-kids";
				PRODUCT_NAME = "$(TARGET_NAME)";
				SWIFT_VERSION = 5.0;
				TARGETED_DEVICE_FAMILY = "1,2";
				VALIDATE_WORKSPACE = NO;
			};
			name = Debug;
		};
		9B6505E22658AF1B00FAA877 /* Release */ = {
			isa = XCBuildConfiguration;
			baseConfigurationReference = B9F32D3CE0E6BF3887B26D1E /* Pods-junction_kids.release.xcconfig */;
			buildSettings = {
				ASSETCATALOG_COMPILER_APPICON_NAME = AppIcon;
				ASSETCATALOG_COMPILER_GLOBAL_ACCENT_COLOR_NAME = AccentColor;
				CODE_SIGN_STYLE = Automatic;
				EXCLUDED_ARCHS = arm64;
				FRAMEWORK_SEARCH_PATHS = (
					"$(inherited)",
					"$(PROJECT_DIR)/junction_kids/DaumMap.embeddedframework",
				);
				HEADER_SEARCH_PATHS = "junction_kids/FFmpeg-iOS/include";
				INFOPLIST_FILE = "junction_kids/Supporting Files/Info.plist";
				LD_RUNPATH_SEARCH_PATHS = (
					"$(inherited)",
					"@executable_path/Frameworks",
				);
				LIBRARY_SEARCH_PATHS = (
					"$(inherited)",
					"$(PROJECT_DIR)/junction_kids/FFmpeg-iOS/lib",
				);
				ONLY_ACTIVE_ARCH = YES;
				PRODUCT_BUNDLE_IDENTIFIER = "com.junction.iOS.kids.junction-kids";
				PRODUCT_NAME = "$(TARGET_NAME)";
				SWIFT_VERSION = 5.0;
				TARGETED_DEVICE_FAMILY = "1,2";
				VALIDATE_WORKSPACE = NO;
			};
			name = Release;
		};
/* End XCBuildConfiguration section */

/* Begin XCConfigurationList section */
		9B6505C72658AF1900FAA877 /* Build configuration list for PBXProject "junction_kids" */ = {
			isa = XCConfigurationList;
			buildConfigurations = (
				9B6505DE2658AF1B00FAA877 /* Debug */,
				9B6505DF2658AF1B00FAA877 /* Release */,
			);
			defaultConfigurationIsVisible = 0;
			defaultConfigurationName = Release;
		};
		9B6505E02658AF1B00FAA877 /* Build configuration list for PBXNativeTarget "junction_kids" */ = {
			isa = XCConfigurationList;
			buildConfigurations = (
				9B6505E12658AF1B00FAA877 /* Debug */,
				9B6505E22658AF1B00FAA877 /* Release */,
			);
			defaultConfigurationIsVisible = 0;
			defaultConfigurationName = Release;
		};
/* End XCConfigurationList section */
	};
	rootObject = 9B6505C42658AF1900FAA877 /* Project object */;
}
